// !$*UTF8*$!
{
	archiveVersion = 1;
	classes = {
	};
	objectVersion = 46;
	objects = {

/* Begin PBXBuildFile section */
		7409D1F81EC6FA1C009CF942 /* orange juice 2.0.ttf in Resources */ = {isa = PBXBuildFile; fileRef = 7409D1F71EC6F562009CF942 /* orange juice 2.0.ttf */; };
		7409D1FA1EC70186009CF942 /* LocationViewController.swift in Sources */ = {isa = PBXBuildFile; fileRef = 7409D1F91EC70186009CF942 /* LocationViewController.swift */; };
		741E2F021EC7377500C22333 /* ContactUsViewController.swift in Sources */ = {isa = PBXBuildFile; fileRef = 741E2F011EC7377500C22333 /* ContactUsViewController.swift */; };
		7446EB0F1EB61284000D4B98 /* AppDelegate.swift in Sources */ = {isa = PBXBuildFile; fileRef = 7446EB0E1EB61284000D4B98 /* AppDelegate.swift */; };
		7446EB111EB61284000D4B98 /* ViewController.swift in Sources */ = {isa = PBXBuildFile; fileRef = 7446EB101EB61284000D4B98 /* ViewController.swift */; };
		7446EB141EB61284000D4B98 /* Main.storyboard in Resources */ = {isa = PBXBuildFile; fileRef = 7446EB121EB61284000D4B98 /* Main.storyboard */; };
		7446EB161EB61284000D4B98 /* Assets.xcassets in Resources */ = {isa = PBXBuildFile; fileRef = 7446EB151EB61284000D4B98 /* Assets.xcassets */; };
		7446EB191EB61284000D4B98 /* LaunchScreen.storyboard in Resources */ = {isa = PBXBuildFile; fileRef = 7446EB171EB61284000D4B98 /* LaunchScreen.storyboard */; };
		7446EB241EB61284000D4B98 /* SIT206_ASSIGNMENT2_APPTests.swift in Sources */ = {isa = PBXBuildFile; fileRef = 7446EB231EB61284000D4B98 /* SIT206_ASSIGNMENT2_APPTests.swift */; };
		7446EB2F1EB61284000D4B98 /* SIT206_ASSIGNMENT2_APPUITests.swift in Sources */ = {isa = PBXBuildFile; fileRef = 7446EB2E1EB61284000D4B98 /* SIT206_ASSIGNMENT2_APPUITests.swift */; };
		74A4CFDC1EC9F5F70033D775 /* UsedCarsTableViewController.swift in Sources */ = {isa = PBXBuildFile; fileRef = 74A4CFDB1EC9F5F70033D775 /* UsedCarsTableViewController.swift */; };
/* End PBXBuildFile section */

/* Begin PBXContainerItemProxy section */
		7446EB201EB61284000D4B98 /* PBXContainerItemProxy */ = {
			isa = PBXContainerItemProxy;
			containerPortal = 7446EB031EB61284000D4B98 /* Project object */;
			proxyType = 1;
			remoteGlobalIDString = 7446EB0A1EB61284000D4B98;
			remoteInfo = "SIT206 ASSIGNMENT2 APP";
		};
		7446EB2B1EB61284000D4B98 /* PBXContainerItemProxy */ = {
			isa = PBXContainerItemProxy;
			containerPortal = 7446EB031EB61284000D4B98 /* Project object */;
			proxyType = 1;
			remoteGlobalIDString = 7446EB0A1EB61284000D4B98;
			remoteInfo = "SIT206 ASSIGNMENT2 APP";
		};
/* End PBXContainerItemProxy section */

/* Begin PBXFileReference section */
		7409D1F71EC6F562009CF942 /* orange juice 2.0.ttf */ = {isa = PBXFileReference; lastKnownFileType = file; path = "orange juice 2.0.ttf"; sourceTree = "<group>"; };
		7409D1F91EC70186009CF942 /* LocationViewController.swift */ = {isa = PBXFileReference; fileEncoding = 4; lastKnownFileType = sourcecode.swift; path = LocationViewController.swift; sourceTree = "<group>"; };
		741E2F011EC7377500C22333 /* ContactUsViewController.swift */ = {isa = PBXFileReference; fileEncoding = 4; lastKnownFileType = sourcecode.swift; path = ContactUsViewController.swift; sourceTree = "<group>"; };
		7446EB0B1EB61284000D4B98 /* SIT206 ASSIGNMENT2 APP.app */ = {isa = PBXFileReference; explicitFileType = wrapper.application; includeInIndex = 0; path = "SIT206 ASSIGNMENT2 APP.app"; sourceTree = BUILT_PRODUCTS_DIR; };
		7446EB0E1EB61284000D4B98 /* AppDelegate.swift */ = {isa = PBXFileReference; lastKnownFileType = sourcecode.swift; path = AppDelegate.swift; sourceTree = "<group>"; };
		7446EB101EB61284000D4B98 /* ViewController.swift */ = {isa = PBXFileReference; lastKnownFileType = sourcecode.swift; path = ViewController.swift; sourceTree = "<group>"; };
		7446EB131EB61284000D4B98 /* Base */ = {isa = PBXFileReference; lastKnownFileType = file.storyboard; name = Base; path = Base.lproj/Main.storyboard; sourceTree = "<group>"; };
		7446EB151EB61284000D4B98 /* Assets.xcassets */ = {isa = PBXFileReference; lastKnownFileType = folder.assetcatalog; path = Assets.xcassets; sourceTree = "<group>"; };
		7446EB181EB61284000D4B98 /* Base */ = {isa = PBXFileReference; lastKnownFileType = file.storyboard; name = Base; path = Base.lproj/LaunchScreen.storyboard; sourceTree = "<group>"; };
		7446EB1A1EB61284000D4B98 /* Info.plist */ = {isa = PBXFileReference; lastKnownFileType = text.plist.xml; path = Info.plist; sourceTree = "<group>"; };
		7446EB1F1EB61284000D4B98 /* SIT206 ASSIGNMENT2 APPTests.xctest */ = {isa = PBXFileReference; explicitFileType = wrapper.cfbundle; includeInIndex = 0; path = "SIT206 ASSIGNMENT2 APPTests.xctest"; sourceTree = BUILT_PRODUCTS_DIR; };
		7446EB231EB61284000D4B98 /* SIT206_ASSIGNMENT2_APPTests.swift */ = {isa = PBXFileReference; lastKnownFileType = sourcecode.swift; path = SIT206_ASSIGNMENT2_APPTests.swift; sourceTree = "<group>"; };
		7446EB251EB61284000D4B98 /* Info.plist */ = {isa = PBXFileReference; lastKnownFileType = text.plist.xml; path = Info.plist; sourceTree = "<group>"; };
		7446EB2A1EB61284000D4B98 /* SIT206 ASSIGNMENT2 APPUITests.xctest */ = {isa = PBXFileReference; explicitFileType = wrapper.cfbundle; includeInIndex = 0; path = "SIT206 ASSIGNMENT2 APPUITests.xctest"; sourceTree = BUILT_PRODUCTS_DIR; };
		7446EB2E1EB61284000D4B98 /* SIT206_ASSIGNMENT2_APPUITests.swift */ = {isa = PBXFileReference; lastKnownFileType = sourcecode.swift; path = SIT206_ASSIGNMENT2_APPUITests.swift; sourceTree = "<group>"; };
		7446EB301EB61284000D4B98 /* Info.plist */ = {isa = PBXFileReference; lastKnownFileType = text.plist.xml; path = Info.plist; sourceTree = "<group>"; };
		74A4CFDB1EC9F5F70033D775 /* UsedCarsTableViewController.swift */ = {isa = PBXFileReference; fileEncoding = 4; lastKnownFileType = sourcecode.swift; path = UsedCarsTableViewController.swift; sourceTree = "<group>"; };
/* End PBXFileReference section */

/* Begin PBXFrameworksBuildPhase section */
		7446EB081EB61284000D4B98 /* Frameworks */ = {
			isa = PBXFrameworksBuildPhase;
			buildActionMask = 2147483647;
			files = (
			);
			runOnlyForDeploymentPostprocessing = 0;
		};
		7446EB1C1EB61284000D4B98 /* Frameworks */ = {
			isa = PBXFrameworksBuildPhase;
			buildActionMask = 2147483647;
			files = (
			);
			runOnlyForDeploymentPostprocessing = 0;
		};
		7446EB271EB61284000D4B98 /* Frameworks */ = {
			isa = PBXFrameworksBuildPhase;
			buildActionMask = 2147483647;
			files = (
			);
			runOnlyForDeploymentPostprocessing = 0;
		};
/* End PBXFrameworksBuildPhase section */

/* Begin PBXGroup section */
		7446EB021EB61284000D4B98 = {
			isa = PBXGroup;
			children = (
				7446EB0D1EB61284000D4B98 /* SIT206 ASSIGNMENT2 APP */,
				7446EB221EB61284000D4B98 /* SIT206 ASSIGNMENT2 APPTests */,
				7446EB2D1EB61284000D4B98 /* SIT206 ASSIGNMENT2 APPUITests */,
				7446EB0C1EB61284000D4B98 /* Products */,
			);
			sourceTree = "<group>";
		};
		7446EB0C1EB61284000D4B98 /* Products */ = {
			isa = PBXGroup;
			children = (
				7446EB0B1EB61284000D4B98 /* SIT206 ASSIGNMENT2 APP.app */,
				7446EB1F1EB61284000D4B98 /* SIT206 ASSIGNMENT2 APPTests.xctest */,
				7446EB2A1EB61284000D4B98 /* SIT206 ASSIGNMENT2 APPUITests.xctest */,
			);
			name = Products;
			sourceTree = "<group>";
		};
		7446EB0D1EB61284000D4B98 /* SIT206 ASSIGNMENT2 APP */ = {
			isa = PBXGroup;
			children = (
				7446EB0E1EB61284000D4B98 /* AppDelegate.swift */,
				7446EB101EB61284000D4B98 /* ViewController.swift */,
				7409D1F71EC6F562009CF942 /* orange juice 2.0.ttf */,
				7446EB121EB61284000D4B98 /* Main.storyboard */,
				741E2F011EC7377500C22333 /* ContactUsViewController.swift */,
				74A4CFDB1EC9F5F70033D775 /* UsedCarsTableViewController.swift */,
				7409D1F91EC70186009CF942 /* LocationViewController.swift */,
				7446EB151EB61284000D4B98 /* Assets.xcassets */,
				7446EB171EB61284000D4B98 /* LaunchScreen.storyboard */,
				7446EB1A1EB61284000D4B98 /* Info.plist */,
			);
			path = "SIT206 ASSIGNMENT2 APP";
			sourceTree = "<group>";
		};
		7446EB221EB61284000D4B98 /* SIT206 ASSIGNMENT2 APPTests */ = {
			isa = PBXGroup;
			children = (
				7446EB231EB61284000D4B98 /* SIT206_ASSIGNMENT2_APPTests.swift */,
				7446EB251EB61284000D4B98 /* Info.plist */,
			);
			path = "SIT206 ASSIGNMENT2 APPTests";
			sourceTree = "<group>";
		};
		7446EB2D1EB61284000D4B98 /* SIT206 ASSIGNMENT2 APPUITests */ = {
			isa = PBXGroup;
			children = (
				7446EB2E1EB61284000D4B98 /* SIT206_ASSIGNMENT2_APPUITests.swift */,
				7446EB301EB61284000D4B98 /* Info.plist */,
			);
			path = "SIT206 ASSIGNMENT2 APPUITests";
			sourceTree = "<group>";
		};
/* End PBXGroup section */

/* Begin PBXNativeTarget section */
		7446EB0A1EB61284000D4B98 /* SIT206 ASSIGNMENT2 APP */ = {
			isa = PBXNativeTarget;
			buildConfigurationList = 7446EB331EB61284000D4B98 /* Build configuration list for PBXNativeTarget "SIT206 ASSIGNMENT2 APP" */;
			buildPhases = (
				7446EB071EB61284000D4B98 /* Sources */,
				7446EB081EB61284000D4B98 /* Frameworks */,
				7446EB091EB61284000D4B98 /* Resources */,
			);
			buildRules = (
			);
			dependencies = (
			);
			name = "SIT206 ASSIGNMENT2 APP";
			productName = "SIT206 ASSIGNMENT2 APP";
			productReference = 7446EB0B1EB61284000D4B98 /* SIT206 ASSIGNMENT2 APP.app */;
			productType = "com.apple.product-type.application";
		};
		7446EB1E1EB61284000D4B98 /* SIT206 ASSIGNMENT2 APPTests */ = {
			isa = PBXNativeTarget;
			buildConfigurationList = 7446EB361EB61284000D4B98 /* Build configuration list for PBXNativeTarget "SIT206 ASSIGNMENT2 APPTests" */;
			buildPhases = (
				7446EB1B1EB61284000D4B98 /* Sources */,
				7446EB1C1EB61284000D4B98 /* Frameworks */,
				7446EB1D1EB61284000D4B98 /* Resources */,
			);
			buildRules = (
			);
			dependencies = (
				7446EB211EB61284000D4B98 /* PBXTargetDependency */,
			);
			name = "SIT206 ASSIGNMENT2 APPTests";
			productName = "SIT206 ASSIGNMENT2 APPTests";
			productReference = 7446EB1F1EB61284000D4B98 /* SIT206 ASSIGNMENT2 APPTests.xctest */;
			productType = "com.apple.product-type.bundle.unit-test";
		};
		7446EB291EB61284000D4B98 /* SIT206 ASSIGNMENT2 APPUITests */ = {
			isa = PBXNativeTarget;
			buildConfigurationList = 7446EB391EB61284000D4B98 /* Build configuration list for PBXNativeTarget "SIT206 ASSIGNMENT2 APPUITests" */;
			buildPhases = (
				7446EB261EB61284000D4B98 /* Sources */,
				7446EB271EB61284000D4B98 /* Frameworks */,
				7446EB281EB61284000D4B98 /* Resources */,
			);
			buildRules = (
			);
			dependencies = (
				7446EB2C1EB61284000D4B98 /* PBXTargetDependency */,
			);
			name = "SIT206 ASSIGNMENT2 APPUITests";
			productName = "SIT206 ASSIGNMENT2 APPUITests";
			productReference = 7446EB2A1EB61284000D4B98 /* SIT206 ASSIGNMENT2 APPUITests.xctest */;
			productType = "com.apple.product-type.bundle.ui-testing";
		};
/* End PBXNativeTarget section */

/* Begin PBXProject section */
		7446EB031EB61284000D4B98 /* Project object */ = {
			isa = PBXProject;
			attributes = {
				LastSwiftUpdateCheck = 0820;
				LastUpgradeCheck = 0820;
				ORGANIZATIONNAME = "NICK XIE";
				TargetAttributes = {
					7446EB0A1EB61284000D4B98 = {
						CreatedOnToolsVersion = 8.2.1;
						ProvisioningStyle = Automatic;
					};
					7446EB1E1EB61284000D4B98 = {
						CreatedOnToolsVersion = 8.2.1;
						ProvisioningStyle = Automatic;
						TestTargetID = 7446EB0A1EB61284000D4B98;
					};
					7446EB291EB61284000D4B98 = {
						CreatedOnToolsVersion = 8.2.1;
						ProvisioningStyle = Automatic;
						TestTargetID = 7446EB0A1EB61284000D4B98;
					};
				};
			};
			buildConfigurationList = 7446EB061EB61284000D4B98 /* Build configuration list for PBXProject "SIT206 ASSIGNMENT2 APP" */;
			compatibilityVersion = "Xcode 3.2";
			developmentRegion = English;
			hasScannedForEncodings = 0;
			knownRegions = (
				en,
				Base,
			);
			mainGroup = 7446EB021EB61284000D4B98;
			productRefGroup = 7446EB0C1EB61284000D4B98 /* Products */;
			projectDirPath = "";
			projectRoot = "";
			targets = (
				7446EB0A1EB61284000D4B98 /* SIT206 ASSIGNMENT2 APP */,
				7446EB1E1EB61284000D4B98 /* SIT206 ASSIGNMENT2 APPTests */,
				7446EB291EB61284000D4B98 /* SIT206 ASSIGNMENT2 APPUITests */,
			);
		};
/* End PBXProject section */

/* Begin PBXResourcesBuildPhase section */
		7446EB091EB61284000D4B98 /* Resources */ = {
			isa = PBXResourcesBuildPhase;
			buildActionMask = 2147483647;
			files = (
				7409D1F81EC6FA1C009CF942 /* orange juice 2.0.ttf in Resources */,
				7446EB191EB61284000D4B98 /* LaunchScreen.storyboard in Resources */,
				7446EB161EB61284000D4B98 /* Assets.xcassets in Resources */,
				7446EB141EB61284000D4B98 /* Main.storyboard in Resources */,
			);
			runOnlyForDeploymentPostprocessing = 0;
		};
		7446EB1D1EB61284000D4B98 /* Resources */ = {
			isa = PBXResourcesBuildPhase;
			buildActionMask = 2147483647;
			files = (
			);
			runOnlyForDeploymentPostprocessing = 0;
		};
		7446EB281EB61284000D4B98 /* Resources */ = {
			isa = PBXResourcesBuildPhase;
			buildActionMask = 2147483647;
			files = (
			);
			runOnlyForDeploymentPostprocessing = 0;
		};
/* End PBXResourcesBuildPhase section */

/* Begin PBXSourcesBuildPhase section */
		7446EB071EB61284000D4B98 /* Sources */ = {
			isa = PBXSourcesBuildPhase;
			buildActionMask = 2147483647;
			files = (
				7409D1FA1EC70186009CF942 /* LocationViewController.swift in Sources */,
				74A4CFDC1EC9F5F70033D775 /* UsedCarsTableViewController.swift in Sources */,
				7446EB111EB61284000D4B98 /* ViewController.swift in Sources */,
				7446EB0F1EB61284000D4B98 /* AppDelegate.swift in Sources */,
				741E2F021EC7377500C22333 /* ContactUsViewController.swift in Sources */,
			);
			runOnlyForDeploymentPostprocessing = 0;
		};
		7446EB1B1EB61284000D4B98 /* Sources */ = {
			isa = PBXSourcesBuildPhase;
			buildActionMask = 2147483647;
			files = (
				7446EB241EB61284000D4B98 /* SIT206_ASSIGNMENT2_APPTests.swift in Sources */,
			);
			runOnlyForDeploymentPostprocessing = 0;
		};
		7446EB261EB61284000D4B98 /* Sources */ = {
			isa = PBXSourcesBuildPhase;
			buildActionMask = 2147483647;
			files = (
				7446EB2F1EB61284000D4B98 /* SIT206_ASSIGNMENT2_APPUITests.swift in Sources */,
			);
			runOnlyForDeploymentPostprocessing = 0;
		};
/* End PBXSourcesBuildPhase section */

/* Begin PBXTargetDependency section */
		7446EB211EB61284000D4B98 /* PBXTargetDependency */ = {
			isa = PBXTargetDependency;
			target = 7446EB0A1EB61284000D4B98 /* SIT206 ASSIGNMENT2 APP */;
			targetProxy = 7446EB201EB61284000D4B98 /* PBXContainerItemProxy */;
		};
		7446EB2C1EB61284000D4B98 /* PBXTargetDependency */ = {
			isa = PBXTargetDependency;
			target = 7446EB0A1EB61284000D4B98 /* SIT206 ASSIGNMENT2 APP */;
			targetProxy = 7446EB2B1EB61284000D4B98 /* PBXContainerItemProxy */;
		};
/* End PBXTargetDependency section */

/* Begin PBXVariantGroup section */
		7446EB121EB61284000D4B98 /* Main.storyboard */ = {
			isa = PBXVariantGroup;
			children = (
				7446EB131EB61284000D4B98 /* Base */,
			);
			name = Main.storyboard;
			sourceTree = "<group>";
		};
		7446EB171EB61284000D4B98 /* LaunchScreen.storyboard */ = {
			isa = PBXVariantGroup;
			children = (
				7446EB181EB61284000D4B98 /* Base */,
			);
			name = LaunchScreen.storyboard;
			sourceTree = "<group>";
		};
/* End PBXVariantGroup section */

/* Begin XCBuildConfiguration section */
		7446EB311EB61284000D4B98 /* Debug */ = {
			isa = XCBuildConfiguration;
			buildSettings = {
				ALWAYS_SEARCH_USER_PATHS = NO;
				CLANG_ANALYZER_NONNULL = YES;
				CLANG_CXX_LANGUAGE_STANDARD = "gnu++0x";
				CLANG_CXX_LIBRARY = "libc++";
				CLANG_ENABLE_MODULES = YES;
				CLANG_ENABLE_OBJC_ARC = YES;
				CLANG_WARN_BOOL_CONVERSION = YES;
				CLANG_WARN_CONSTANT_CONVERSION = YES;
				CLANG_WARN_DIRECT_OBJC_ISA_USAGE = YES_ERROR;
				CLANG_WARN_DOCUMENTATION_COMMENTS = YES;
				CLANG_WARN_EMPTY_BODY = YES;
				CLANG_WARN_ENUM_CONVERSION = YES;
				CLANG_WARN_INFINITE_RECURSION = YES;
				CLANG_WARN_INT_CONVERSION = YES;
				CLANG_WARN_OBJC_ROOT_CLASS = YES_ERROR;
				CLANG_WARN_SUSPICIOUS_MOVE = YES;
				CLANG_WARN_UNREACHABLE_CODE = YES;
				CLANG_WARN__DUPLICATE_METHOD_MATCH = YES;
				"CODE_SIGN_IDENTITY[sdk=iphoneos*]" = "iPhone Developer";
				COPY_PHASE_STRIP = NO;
				DEBUG_INFORMATION_FORMAT = dwarf;
				ENABLE_STRICT_OBJC_MSGSEND = YES;
				ENABLE_TESTABILITY = YES;
				GCC_C_LANGUAGE_STANDARD = gnu99;
				GCC_DYNAMIC_NO_PIC = NO;
				GCC_NO_COMMON_BLOCKS = YES;
				GCC_OPTIMIZATION_LEVEL = 0;
				GCC_PREPROCESSOR_DEFINITIONS = (
					"DEBUG=1",
					"$(inherited)",
				);
				GCC_WARN_64_TO_32_BIT_CONVERSION = YES;
				GCC_WARN_ABOUT_RETURN_TYPE = YES_ERROR;
				GCC_WARN_UNDECLARED_SELECTOR = YES;
				GCC_WARN_UNINITIALIZED_AUTOS = YES_AGGRESSIVE;
				GCC_WARN_UNUSED_FUNCTION = YES;
				GCC_WARN_UNUSED_VARIABLE = YES;
				IPHONEOS_DEPLOYMENT_TARGET = 10.2;
				MTL_ENABLE_DEBUG_INFO = YES;
				ONLY_ACTIVE_ARCH = YES;
				SDKROOT = iphoneos;
				SWIFT_ACTIVE_COMPILATION_CONDITIONS = DEBUG;
				SWIFT_OPTIMIZATION_LEVEL = "-Onone";
				TARGETED_DEVICE_FAMILY = "1,2";
			};
			name = Debug;
		};
		7446EB321EB61284000D4B98 /* Release */ = {
			isa = XCBuildConfiguration;
			buildSettings = {
				ALWAYS_SEARCH_USER_PATHS = NO;
				CLANG_ANALYZER_NONNULL = YES;
				CLANG_CXX_LANGUAGE_STANDARD = "gnu++0x";
				CLANG_CXX_LIBRARY = "libc++";
				CLANG_ENABLE_MODULES = YES;
				CLANG_ENABLE_OBJC_ARC = YES;
				CLANG_WARN_BOOL_CONVERSION = YES;
				CLANG_WARN_CONSTANT_CONVERSION = YES;
				CLANG_WARN_DIRECT_OBJC_ISA_USAGE = YES_ERROR;
				CLANG_WARN_DOCUMENTATION_COMMENTS = YES;
				CLANG_WARN_EMPTY_BODY = YES;
				CLANG_WARN_ENUM_CONVERSION = YES;
				CLANG_WARN_INFINITE_RECURSION = YES;
				CLANG_WARN_INT_CONVERSION = YES;
				CLANG_WARN_OBJC_ROOT_CLASS = YES_ERROR;
				CLANG_WARN_SUSPICIOUS_MOVE = YES;
				CLANG_WARN_UNREACHABLE_CODE = YES;
				CLANG_WARN__DUPLICATE_METHOD_MATCH = YES;
				"CODE_SIGN_IDENTITY[sdk=iphoneos*]" = "iPhone Developer";
				COPY_PHASE_STRIP = NO;
				DEBUG_INFORMATION_FORMAT = "dwarf-with-dsym";
				ENABLE_NS_ASSERTIONS = NO;
				ENABLE_STRICT_OBJC_MSGSEND = YES;
				GCC_C_LANGUAGE_STANDARD = gnu99;
				GCC_NO_COMMON_BLOCKS = YES;
				GCC_WARN_64_TO_32_BIT_CONVERSION = YES;
				GCC_WARN_ABOUT_RETURN_TYPE = YES_ERROR;
				GCC_WARN_UNDECLARED_SELECTOR = YES;
				GCC_WARN_UNINITIALIZED_AUTOS = YES_AGGRESSIVE;
				GCC_WARN_UNUSED_FUNCTION = YES;
				GCC_WARN_UNUSED_VARIABLE = YES;
				IPHONEOS_DEPLOYMENT_TARGET = 10.2;
				MTL_ENABLE_DEBUG_INFO = NO;
				SDKROOT = iphoneos;
				SWIFT_OPTIMIZATION_LEVEL = "-Owholemodule";
				TARGETED_DEVICE_FAMILY = "1,2";
				VALIDATE_PRODUCT = YES;
			};
			name = Release;
		};
		7446EB341EB61284000D4B98 /* Debug */ = {
			isa = XCBuildConfiguration;
			buildSettings = {
				ASSETCATALOG_COMPILER_APPICON_NAME = AppIcon;
				INFOPLIST_FILE = "SIT206 ASSIGNMENT2 APP/Info.plist";
				LD_RUNPATH_SEARCH_PATHS = "$(inherited) @executable_path/Frameworks";
				PRODUCT_BUNDLE_IDENTIFIER = "Deakin.SIT206-ASSIGNMENT2-APP";
				PRODUCT_NAME = "$(TARGET_NAME)";
				SWIFT_VERSION = 3.0;
			};
			name = Debug;
		};
		7446EB351EB61284000D4B98 /* Release */ = {
			isa = XCBuildConfiguration;
			buildSettings = {
				ASSETCATALOG_COMPILER_APPICON_NAME = AppIcon;
				INFOPLIST_FILE = "SIT206 ASSIGNMENT2 APP/Info.plist";
				LD_RUNPATH_SEARCH_PATHS = "$(inherited) @executable_path/Frameworks";
				PRODUCT_BUNDLE_IDENTIFIER = "Deakin.SIT206-ASSIGNMENT2-APP";
				PRODUCT_NAME = "$(TARGET_NAME)";
				SWIFT_VERSION = 3.0;
			};
			name = Release;
		};
		7446EB371EB61284000D4B98 /* Debug */ = {
			isa = XCBuildConfiguration;
			buildSettings = {
				ALWAYS_EMBED_SWIFT_STANDARD_LIBRARIES = YES;
				BUNDLE_LOADER = "$(TEST_HOST)";
				INFOPLIST_FILE = "SIT206 ASSIGNMENT2 APPTests/Info.plist";
				LD_RUNPATH_SEARCH_PATHS = "$(inherited) @executable_path/Frameworks @loader_path/Frameworks";
				PRODUCT_BUNDLE_IDENTIFIER = "Deakin.SIT206-ASSIGNMENT2-APPTests";
				PRODUCT_NAME = "$(TARGET_NAME)";
				SWIFT_VERSION = 3.0;
				TEST_HOST = "$(BUILT_PRODUCTS_DIR)/SIT206 ASSIGNMENT2 APP.app/SIT206 ASSIGNMENT2 APP";
			};
			name = Debug;
		};
		7446EB381EB61284000D4B98 /* Release */ = {
			isa = XCBuildConfiguration;
			buildSettings = {
				ALWAYS_EMBED_SWIFT_STANDARD_LIBRARIES = YES;
				BUNDLE_LOADER = "$(TEST_HOST)";
				INFOPLIST_FILE = "SIT206 ASSIGNMENT2 APPTests/Info.plist";
				LD_RUNPATH_SEARCH_PATHS = "$(inherited) @executable_path/Frameworks @loader_path/Frameworks";
				PRODUCT_BUNDLE_IDENTIFIER = "Deakin.SIT206-ASSIGNMENT2-APPTests";
				PRODUCT_NAME = "$(TARGET_NAME)";
				SWIFT_VERSION = 3.0;
				TEST_HOST = "$(BUILT_PRODUCTS_DIR)/SIT206 ASSIGNMENT2 APP.app/SIT206 ASSIGNMENT2 APP";
			};
			name = Release;
		};
		7446EB3A1EB61284000D4B98 /* Debug */ = {
			isa = XCBuildConfiguration;
			buildSettings = {
				ALWAYS_EMBED_SWIFT_STANDARD_LIBRARIES = YES;
				INFOPLIST_FILE = "SIT206 ASSIGNMENT2 APPUITests/Info.plist";
				LD_RUNPATH_SEARCH_PATHS = "$(inherited) @executable_path/Frameworks @loader_path/Frameworks";
				PRODUCT_BUNDLE_IDENTIFIER = "Deakin.SIT206-ASSIGNMENT2-APPUITests";
				PRODUCT_NAME = "$(TARGET_NAME)";
				SWIFT_VERSION = 3.0;
				TEST_TARGET_NAME = "SIT206 ASSIGNMENT2 APP";
			};
			name = Debug;
		};
		7446EB3B1EB61284000D4B98 /* Release */ = {
			isa = XCBuildConfiguration;
			buildSettings = {
				ALWAYS_EMBED_SWIFT_STANDARD_LIBRARIES = YES;
				INFOPLIST_FILE = "SIT206 ASSIGNMENT2 APPUITests/Info.plist";
				LD_RUNPATH_SEARCH_PATHS = "$(inherited) @executable_path/Frameworks @loader_path/Frameworks";
				PRODUCT_BUNDLE_IDENTIFIER = "Deakin.SIT206-ASSIGNMENT2-APPUITests";
				PRODUCT_NAME = "$(TARGET_NAME)";
				SWIFT_VERSION = 3.0;
				TEST_TARGET_NAME = "SIT206 ASSIGNMENT2 APP";
			};
			name = Release;
		};
/* End XCBuildConfiguration section */

/* Begin XCConfigurationList section */
		7446EB061EB61284000D4B98 /* Build configuration list for PBXProject "SIT206 ASSIGNMENT2 APP" */ = {
			isa = XCConfigurationList;
			buildConfigurations = (
				7446EB311EB61284000D4B98 /* Debug */,
				7446EB321EB61284000D4B98 /* Release */,
			);
			defaultConfigurationIsVisible = 0;
			defaultConfigurationName = Release;
		};
		7446EB331EB61284000D4B98 /* Build configuration list for PBXNativeTarget "SIT206 ASSIGNMENT2 APP" */ = {
			isa = XCConfigurationList;
			buildConfigurations = (
				7446EB341EB61284000D4B98 /* Debug */,
				7446EB351EB61284000D4B98 /* Release */,
			);
			defaultConfigurationIsVisible = 0;
			defaultConfigurationName = Release;
		};
		7446EB361EB61284000D4B98 /* Build configuration list for PBXNativeTarget "SIT206 ASSIGNMENT2 APPTests" */ = {
			isa = XCConfigurationList;
			buildConfigurations = (
				7446EB371EB61284000D4B98 /* Debug */,
				7446EB381EB61284000D4B98 /* Release */,
			);
			defaultConfigurationIsVisible = 0;
			defaultConfigurationName = Release;
		};
		7446EB391EB61284000D4B98 /* Build configuration list for PBXNativeTarget "SIT206 ASSIGNMENT2 APPUITests" */ = {
			isa = XCConfigurationList;
			buildConfigurations = (
				7446EB3A1EB61284000D4B98 /* Debug */,
				7446EB3B1EB61284000D4B98 /* Release */,
			);
			defaultConfigurationIsVisible = 0;
			defaultConfigurationName = Release;
		};
/* End XCConfigurationList section */
	};
	rootObject = 7446EB031EB61284000D4B98 /* Project object */;
}
